
Microsoft Visual Studio Solution File, Format Version 12.00
# Visual Studio Version 16
VisualStudioVersion = 16.0.31424.327
MinimumVisualStudioVersion = 10.0.40219.1
Project("{9A19103F-16F7-4668-BE54-9A1E7A4F7556}") = "CommunityToolkit.Labs.Uwp.GazeControls", "CommunityToolkit.Labs.Uwp.GazeControls\CommunityToolkit.Labs.Uwp.GazeControls.csproj", "{352191F5-8704-45A1-ACB3-CA47C6898A99}"
EndProject
Global
	GlobalSection(SolutionConfigurationPlatforms) = preSolution
		Debug|Any CPU = Debug|Any CPU
		Release|Any CPU = Release|Any CPU
	EndGlobalSection
	GlobalSection(ProjectConfigurationPlatforms) = postSolution
		{352191F5-8704-45A1-ACB3-CA47C6898A99}.Debug|Any CPU.ActiveCfg = Debug|Any CPU
		{352191F5-8704-45A1-ACB3-CA47C6898A99}.Debug|Any CPU.Build.0 = Debug|Any CPU
		{352191F5-8704-45A1-ACB3-CA47C6898A99}.Release|Any CPU.ActiveCfg = Release|Any CPU
		{352191F5-8704-45A1-ACB3-CA47C6898A99}.Release|Any CPU.Build.0 = Release|Any CPU
	EndGlobalSection
	GlobalSection(SolutionProperties) = preSolution
		HideSolutionNode = FALSE
	EndGlobalSection
	GlobalSection(ExtensibilityGlobals) = postSolution
		SolutionGuid = {7956E0E0-C673-4682-A631-F1AC12B65C17}
	EndGlobalSection
EndGlobal
